{
  "version": 4,
  "terraform_version": "1.14.8",
  "serial": 15,
  "lineage": "54480b2f-55a9-8420-e822-b0db56e7909f",
  "outputs": {},
  "resources": [
    {
      "mode": "managed",
      "type": "proxmox_vm_qemu",
      "name": "training",
      "provider": "provider[\"registry.terraform.io/telmate/proxmox\"]",
      "instances": [
        {
          "index_key": 0,
          "schema_version": 0,
          "attributes": {
            "additional_wait": 5,
            "agent": 0,
            "agent_timeout": 90,
            "args": "",
            "automatic_reboot": true,
            "balloon": 0,
            "bios": "seabios",
            "boot": "order=scsi0",
            "bootdisk": "",
            "ci_wait": null,
            "cicustom": null,
            "cipassword": "",
            "ciupgrade": false,
            "ciuser": "steeven",
            "clone": "deb-trixie-cloud-SN2-12T",
            "clone_id": null,
            "clone_wait": 10,
            "cores": 1,
            "cpu": null,
            "cpu_type": "x86-64-v2-AES",
            "current_node": "hv-epyc-02",
            "default_ipv4_address": "172.16.220.6",
            "default_ipv6_address": "",
            "define_connection_info": true,
            "desc": "vm terraform training",
            "disk": [],
            "disks": [
              {
                "ide": [
                  {
                    "ide0": [],
                    "ide1": [],
                    "ide2": [],
                    "ide3": [
                      {
                        "cdrom": [],
                        "cloudinit": [
                          {
                            "storage": "SN2-12T"
                          }
                        ],
                        "disk": [],
                        "passthrough": []
                      }
                    ]
                  }
                ],
                "sata": [],
                "scsi": [
                  {
                    "scsi0": [
                      {
                        "cdrom": [],
                        "cloudinit": [],
                        "disk": [
                          {
                            "asyncio": "",
                            "backup": true,
                            "cache": "",
                            "discard": false,
                            "emulatessd": false,
                            "format": "qcow2",
                            "id": 0,
                            "iops_r_burst": 0,
                            "iops_r_burst_length": 0,
                            "iops_r_concurrent": 0,
                            "iops_wr_burst": 0,
                            "iops_wr_burst_length": 0,
                            "iops_wr_concurrent": 0,
                            "iothread": false,
                            "linked_disk_id": 0,
                            "mbps_r_burst": 0,
                            "mbps_r_concurrent": 0,
                            "mbps_wr_burst": 0,
                            "mbps_wr_concurrent": 0,
                            "readonly": false,
                            "replicate": false,
                            "serial": "",
                            "size": "10G",
                            "storage": "SN2-12T",
                            "wwn": ""
                          }
                        ],
                        "passthrough": []
                      }
                    ],
                    "scsi1": [],
                    "scsi10": [],
                    "scsi11": [],
                    "scsi12": [],
                    "scsi13": [],
                    "scsi14": [],
                    "scsi15": [],
                    "scsi16": [],
                    "scsi17": [],
                    "scsi18": [],
                    "scsi19": [],
                    "scsi2": [],
                    "scsi20": [],
                    "scsi21": [],
                    "scsi22": [],
                    "scsi23": [],
                    "scsi24": [],
                    "scsi25": [],
                    "scsi26": [],
                    "scsi27": [],
                    "scsi28": [],
                    "scsi29": [],
                    "scsi3": [],
                    "scsi30": [],
                    "scsi4": [],
                    "scsi5": [],
                    "scsi6": [],
                    "scsi7": [],
                    "scsi8": [],
                    "scsi9": []
                  }
                ],
                "virtio": []
              }
            ],
            "efidisk": [],
            "force_create": false,
            "force_recreate_on_change_of": null,
            "full_clone": false,
            "hagroup": "",
            "hastate": "",
            "hostpci": [],
            "hotplug": "network,disk,usb",
            "id": "hv-epyc-02/qemu/20006",
            "ipconfig0": "ip=172.16.220.6/16",
            "ipconfig1": null,
            "ipconfig10": null,
            "ipconfig11": null,
            "ipconfig12": null,
            "ipconfig13": null,
            "ipconfig14": null,
            "ipconfig15": null,
            "ipconfig2": null,
            "ipconfig3": null,
            "ipconfig4": null,
            "ipconfig5": null,
            "ipconfig6": null,
            "ipconfig7": null,
            "ipconfig8": null,
            "ipconfig9": null,
            "kvm": true,
            "linked_vmid": 962,
            "machine": "",
            "memory": 1024,
            "name": "sn2-steeven-training-1",
            "nameserver": null,
            "network": [
              {
                "bridge": "vmbr0",
                "firewall": false,
                "id": 0,
                "link_down": false,
                "macaddr": "bc:24:11:37:b7:5c",
                "model": "virtio",
                "mtu": 0,
                "queues": 0,
                "rate": 0,
                "tag": 0
              }
            ],
            "numa": false,
            "onboot": false,
            "os_network_config": null,
            "os_type": "cloudinit",
            "pci": [],
            "pcis": [],
            "pool": "",
            "protection": false,
            "pxe": null,
            "qemu_os": "other",
            "reboot_required": false,
            "scsihw": "virtio-scsi-single",
            "searchdomain": null,
            "serial": [
              {
                "id": 0,
                "type": "socket"
              }
            ],
            "skip_ipv4": false,
            "skip_ipv6": false,
            "smbios": [
              {
                "family": "",
                "manufacturer": "",
                "product": "",
                "serial": "",
                "sku": "",
                "uuid": "05b4bd2b-2784-4356-af5b-7edf353b066a",
                "version": ""
              }
            ],
            "sockets": 1,
            "ssh_forward_ip": null,
            "ssh_host": "172.16.220.6",
            "ssh_port": "22",
            "ssh_private_key": null,
            "ssh_user": null,
            "sshkeys": "ssh-ed25519 AAAAC3NzaC1lZDI1NTE5AAAAIEB7eTbWjapDCnbZPIrZKsBmSy9IE4NT3A2mu1vN63E0 hounk@DESKTOP-QGSIP3U\n",
            "startup": "",
            "tablet": true,
            "tags": "template",
            "target_node": "hv-epyc-02",
            "target_nodes": null,
            "timeouts": null,
            "tpm_state": [],
            "unused_disk": [],
            "usb": [],
            "usbs": [],
            "vcpus": 0,
            "vga": [],
            "vm_state": "running",
            "vmid": 20006
          },
          "sensitive_attributes": [
            [
              {
                "type": "get_attr",
                "value": "cipassword"
              }
            ],
            [
              {
                "type": "get_attr",
                "value": "ssh_private_key"
              }
            ]
          ],
          "identity_schema_version": 0,
          "private": "eyJlMmJmYjczMC1lY2FhLTExZTYtOGY4OC0zNDM2M2JjN2M0YzAiOnsiY3JlYXRlIjoxMjAwMDAwMDAwMDAwLCJkZWZhdWx0IjoxMjAwMDAwMDAwMDAwLCJkZWxldGUiOjEyMDAwMDAwMDAwMDAsInJlYWQiOjEyMDAwMDAwMDAwMDAsInVwZGF0ZSI6MTIwMDAwMDAwMDAwMH19"
        },
        {
          "index_key": 1,
          "schema_version": 0,
          "attributes": {
            "additional_wait": 5,
            "agent": 0,
            "agent_timeout": 90,
            "args": "",
            "automatic_reboot": true,
            "balloon": 0,
            "bios": "seabios",
            "boot": "order=scsi0",
            "bootdisk": "",
            "ci_wait": null,
            "cicustom": null,
            "cipassword": "",
            "ciupgrade": false,
            "ciuser": "steeven",
            "clone": "deb-trixie-cloud-SN2-12T",
            "clone_id": null,
            "clone_wait": 10,
            "cores": 1,
            "cpu": null,
            "cpu_type": "x86-64-v2-AES",
            "current_node": "hv-r630-02",
            "default_ipv4_address": "172.16.220.7",
            "default_ipv6_address": "",
            "define_connection_info": true,
            "desc": "vm terraform training",
            "disk": [],
            "disks": [
              {
                "ide": [
                  {
                    "ide0": [],
                    "ide1": [],
                    "ide2": [],
                    "ide3": [
                      {
                        "cdrom": [],
                        "cloudinit": [
                          {
                            "storage": "SN2-12T"
                          }
                        ],
                        "disk": [],
                        "passthrough": []
                      }
                    ]
                  }
                ],
                "sata": [],
                "scsi": [
                  {
                    "scsi0": [
                      {
                        "cdrom": [],
                        "cloudinit": [],
                        "disk": [
                          {
                            "asyncio": "",
                            "backup": true,
                            "cache": "",
                            "discard": false,
                            "emulatessd": false,
                            "format": "qcow2",
                            "id": 0,
                            "iops_r_burst": 0,
                            "iops_r_burst_length": 0,
                            "iops_r_concurrent": 0,
                            "iops_wr_burst": 0,
                            "iops_wr_burst_length": 0,
                            "iops_wr_concurrent": 0,
                            "iothread": false,
                            "linked_disk_id": 0,
                            "mbps_r_burst": 0,
                            "mbps_r_concurrent": 0,
                            "mbps_wr_burst": 0,
                            "mbps_wr_concurrent": 0,
                            "readonly": false,
                            "replicate": false,
                            "serial": "",
                            "size": "10G",
                            "storage": "SN2-12T",
                            "wwn": ""
                          }
                        ],
                        "passthrough": []
                      }
                    ],
                    "scsi1": [],
                    "scsi10": [],
                    "scsi11": [],
                    "scsi12": [],
                    "scsi13": [],
                    "scsi14": [],
                    "scsi15": [],
                    "scsi16": [],
                    "scsi17": [],
                    "scsi18": [],
                    "scsi19": [],
                    "scsi2": [],
                    "scsi20": [],
                    "scsi21": [],
                    "scsi22": [],
                    "scsi23": [],
                    "scsi24": [],
                    "scsi25": [],
                    "scsi26": [],
                    "scsi27": [],
                    "scsi28": [],
                    "scsi29": [],
                    "scsi3": [],
                    "scsi30": [],
                    "scsi4": [],
                    "scsi5": [],
                    "scsi6": [],
                    "scsi7": [],
                    "scsi8": [],
                    "scsi9": []
                  }
                ],
                "virtio": []
              }
            ],
            "efidisk": [],
            "force_create": false,
            "force_recreate_on_change_of": null,
            "full_clone": false,
            "hagroup": "",
            "hastate": "",
            "hostpci": [],
            "hotplug": "network,disk,usb",
            "id": "hv-r630-02/qemu/20007",
            "ipconfig0": "ip=172.16.220.7/16",
            "ipconfig1": null,
            "ipconfig10": null,
            "ipconfig11": null,
            "ipconfig12": null,
            "ipconfig13": null,
            "ipconfig14": null,
            "ipconfig15": null,
            "ipconfig2": null,
            "ipconfig3": null,
            "ipconfig4": null,
            "ipconfig5": null,
            "ipconfig6": null,
            "ipconfig7": null,
            "ipconfig8": null,
            "ipconfig9": null,
            "kvm": true,
            "linked_vmid": 962,
            "machine": "",
            "memory": 1024,
            "name": "sn2-steeven-training-2",
            "nameserver": null,
            "network": [
              {
                "bridge": "vmbr0",
                "firewall": false,
                "id": 0,
                "link_down": false,
                "macaddr": "bc:24:11:5b:62:e5",
                "model": "virtio",
                "mtu": 0,
                "queues": 0,
                "rate": 0,
                "tag": 0
              }
            ],
            "numa": false,
            "onboot": false,
            "os_network_config": null,
            "os_type": "cloudinit",
            "pci": [],
            "pcis": [],
            "pool": "",
            "protection": false,
            "pxe": null,
            "qemu_os": "other",
            "reboot_required": false,
            "scsihw": "virtio-scsi-single",
            "searchdomain": null,
            "serial": [
              {
                "id": 0,
                "type": "socket"
              }
            ],
            "skip_ipv4": false,
            "skip_ipv6": false,
            "smbios": [
              {
                "family": "",
                "manufacturer": "",
                "product": "",
                "serial": "",
                "sku": "",
                "uuid": "83f4b76d-3ee8-4460-9f48-520ba573bf85",
                "version": ""
              }
            ],
            "sockets": 1,
            "ssh_forward_ip": null,
            "ssh_host": "172.16.220.7",
            "ssh_port": "22",
            "ssh_private_key": null,
            "ssh_user": null,
            "sshkeys": "ssh-ed25519 AAAAC3NzaC1lZDI1NTE5AAAAIEB7eTbWjapDCnbZPIrZKsBmSy9IE4NT3A2mu1vN63E0 hounk@DESKTOP-QGSIP3U\n",
            "startup": "",
            "tablet": true,
            "tags": "template",
            "target_node": "hv-r630-02",
            "target_nodes": null,
            "timeouts": null,
            "tpm_state": [],
            "unused_disk": [],
            "usb": [],
            "usbs": [],
            "vcpus": 0,
            "vga": [],
            "vm_state": "running",
            "vmid": 20007
          },
          "sensitive_attributes": [
            [
              {
                "type": "get_attr",
                "value": "cipassword"
              }
            ],
            [
              {
                "type": "get_attr",
                "value": "ssh_private_key"
              }
            ]
          ],
          "identity_schema_version": 0,
          "private": "eyJlMmJmYjczMC1lY2FhLTExZTYtOGY4OC0zNDM2M2JjN2M0YzAiOnsiY3JlYXRlIjoxMjAwMDAwMDAwMDAwLCJkZWZhdWx0IjoxMjAwMDAwMDAwMDAwLCJkZWxldGUiOjEyMDAwMDAwMDAwMDAsInJlYWQiOjEyMDAwMDAwMDAwMDAsInVwZGF0ZSI6MTIwMDAwMDAwMDAwMH19"
        }
      ]
    }
  ],
  "check_results": null
}
